# This file is automatically @generated by Poetry 1.8.3 and should not be changed by hand.

[[package]]
name = "accept-types"
version = "0.4.1"
description = "Determine the best content to send in an HTTP response"
optional = false
python-versions = "*"
files = [
    {file = "accept-types-0.4.1.tar.gz", hash = "sha256:fb27099716d8f0360408c8ca86d69dbfed44455834b70d1506250abe521b535a"},
    {file = "accept_types-0.4.1-py3-none-any.whl", hash = "sha256:c87feccdffb66b02f9343ff387d7fd5c451ccb2e1221fbd37ea0cedef5cf290f"},
]

[metadata]
lock-version = "2.0"
python-versions = "^3.11"
content-hash = "ce03d7925a147012497a42d015ab5181045d285e3654de1e864307180b9a69b3"
